
Microsoft Visual Studio Solution File, Format Version 12.00
# Visual Studio 2013
VisualStudioVersion = 12.0.30324.0
MinimumVisualStudioVersion = 10.0.40219.1
Project("{FAE04EC0-301F-11D3-BF4B-00C04F79EFBC}") = "DevUtils-net40", "..\DevUtils\DevUtils\DevUtils-net40.csproj", "{6DB3214C-9014-455E-8E0D-6ABA14B13A95}"
EndProject
Project("{FAE04EC0-301F-11D3-BF4B-00C04F79EFBC}") = "DevUtils.test-net40", "DevUtils.test\DevUtils.test-net40.csproj", "{8C0ED8D5-9287-4EA2-943B-1177B7C0EDA9}"
EndProject
Global
	GlobalSection(SolutionConfigurationPlatforms) = preSolution
		Debug 4.0|Any CPU = Debug 4.0|Any CPU
		Release 4.0|Any CPU = Release 4.0|Any CPU
	EndGlobalSection
	GlobalSection(ProjectConfigurationPlatforms) = postSolution
		{6DB3214C-9014-455E-8E0D-6ABA14B13A95}.Debug 4.0|Any CPU.ActiveCfg = Debug 4.0|Any CPU
		{6DB3214C-9014-455E-8E0D-6ABA14B13A95}.Debug 4.0|Any CPU.Build.0 = Debug 4.0|Any CPU
		{6DB3214C-9014-455E-8E0D-6ABA14B13A95}.Release 4.0|Any CPU.ActiveCfg = Release 4.0|Any CPU
		{6DB3214C-9014-455E-8E0D-6ABA14B13A95}.Release 4.0|Any CPU.Build.0 = Release 4.0|Any CPU
		{8C0ED8D5-9287-4EA2-943B-1177B7C0EDA9}.Debug 4.0|Any CPU.ActiveCfg = Debug 4.0|Any CPU
		{8C0ED8D5-9287-4EA2-943B-1177B7C0EDA9}.Debug 4.0|Any CPU.Build.0 = Debug 4.0|Any CPU
		{8C0ED8D5-9287-4EA2-943B-1177B7C0EDA9}.Release 4.0|Any CPU.ActiveCfg = Release 4.0|Any CPU
		{8C0ED8D5-9287-4EA2-943B-1177B7C0EDA9}.Release 4.0|Any CPU.Build.0 = Release 4.0|Any CPU
	EndGlobalSection
	GlobalSection(SolutionProperties) = preSolution
		HideSolutionNode = FALSE
	EndGlobalSection
EndGlobal
