
Microsoft Visual Studio Solution File, Format Version 12.00
# Visual Studio 2013
VisualStudioVersion = 12.0.30110.0
MinimumVisualStudioVersion = 10.0.40219.1
Project("{FAE04EC0-301F-11D3-BF4B-00C04F79EFBC}") = "DevUtils", "DevUtils\DevUtils.csproj", "{8A4DE6FB-22AF-48C2-A02B-4D63FB35B7F1}"
EndProject
Project("{FAE04EC0-301F-11D3-BF4B-00C04F79EFBC}") = "DevUtils.test", "..\DevUtils.test\DevUtils.test\DevUtils.test.csproj", "{F3043276-6695-4C2B-A634-E1F2641B766C}"
EndProject
Global
	GlobalSection(SolutionConfigurationPlatforms) = preSolution
		Debug 4.0|Any CPU = Debug 4.0|Any CPU
		Debug 4.5.1|Any CPU = Debug 4.5.1|Any CPU
		Debug 4.5|Any CPU = Debug 4.5|Any CPU
		Release 4.0|Any CPU = Release 4.0|Any CPU
		Release 4.5.1|Any CPU = Release 4.5.1|Any CPU
		Release 4.5|Any CPU = Release 4.5|Any CPU
	EndGlobalSection
	GlobalSection(ProjectConfigurationPlatforms) = postSolution
		{8A4DE6FB-22AF-48C2-A02B-4D63FB35B7F1}.Debug 4.0|Any CPU.ActiveCfg = Debug 4.0|Any CPU
		{8A4DE6FB-22AF-48C2-A02B-4D63FB35B7F1}.Debug 4.0|Any CPU.Build.0 = Debug 4.0|Any CPU
		{8A4DE6FB-22AF-48C2-A02B-4D63FB35B7F1}.Debug 4.5.1|Any CPU.ActiveCfg = Debug 4.5.1|Any CPU
		{8A4DE6FB-22AF-48C2-A02B-4D63FB35B7F1}.Debug 4.5.1|Any CPU.Build.0 = Debug 4.5.1|Any CPU
		{8A4DE6FB-22AF-48C2-A02B-4D63FB35B7F1}.Debug 4.5|Any CPU.ActiveCfg = Debug 4.5|Any CPU
		{8A4DE6FB-22AF-48C2-A02B-4D63FB35B7F1}.Debug 4.5|Any CPU.Build.0 = Debug 4.5|Any CPU
		{8A4DE6FB-22AF-48C2-A02B-4D63FB35B7F1}.Release 4.0|Any CPU.ActiveCfg = Release 4.0|Any CPU
		{8A4DE6FB-22AF-48C2-A02B-4D63FB35B7F1}.Release 4.0|Any CPU.Build.0 = Release 4.0|Any CPU
		{8A4DE6FB-22AF-48C2-A02B-4D63FB35B7F1}.Release 4.5.1|Any CPU.ActiveCfg = Release 4.5.1|Any CPU
		{8A4DE6FB-22AF-48C2-A02B-4D63FB35B7F1}.Release 4.5.1|Any CPU.Build.0 = Release 4.5.1|Any CPU
		{8A4DE6FB-22AF-48C2-A02B-4D63FB35B7F1}.Release 4.5|Any CPU.ActiveCfg = Release 4.5|Any CPU
		{8A4DE6FB-22AF-48C2-A02B-4D63FB35B7F1}.Release 4.5|Any CPU.Build.0 = Release 4.5|Any CPU
		{F3043276-6695-4C2B-A634-E1F2641B766C}.Debug 4.0|Any CPU.ActiveCfg = Debug 4.0|Any CPU
		{F3043276-6695-4C2B-A634-E1F2641B766C}.Debug 4.0|Any CPU.Build.0 = Debug 4.0|Any CPU
		{F3043276-6695-4C2B-A634-E1F2641B766C}.Debug 4.5.1|Any CPU.ActiveCfg = Debug 4.5.1|Any CPU
		{F3043276-6695-4C2B-A634-E1F2641B766C}.Debug 4.5.1|Any CPU.Build.0 = Debug 4.5.1|Any CPU
		{F3043276-6695-4C2B-A634-E1F2641B766C}.Debug 4.5|Any CPU.ActiveCfg = Debug 4.5|Any CPU
		{F3043276-6695-4C2B-A634-E1F2641B766C}.Debug 4.5|Any CPU.Build.0 = Debug 4.5|Any CPU
		{F3043276-6695-4C2B-A634-E1F2641B766C}.Release 4.0|Any CPU.ActiveCfg = Release 4.0|Any CPU
		{F3043276-6695-4C2B-A634-E1F2641B766C}.Release 4.0|Any CPU.Build.0 = Release 4.0|Any CPU
		{F3043276-6695-4C2B-A634-E1F2641B766C}.Release 4.5.1|Any CPU.ActiveCfg = Release 4.5.1|Any CPU
		{F3043276-6695-4C2B-A634-E1F2641B766C}.Release 4.5.1|Any CPU.Build.0 = Release 4.5.1|Any CPU
		{F3043276-6695-4C2B-A634-E1F2641B766C}.Release 4.5|Any CPU.ActiveCfg = Release 4.5|Any CPU
		{F3043276-6695-4C2B-A634-E1F2641B766C}.Release 4.5|Any CPU.Build.0 = Release 4.5|Any CPU
	EndGlobalSection
	GlobalSection(SolutionProperties) = preSolution
		HideSolutionNode = FALSE
	EndGlobalSection
EndGlobal
